<Solution>
  <Configurations>
    <BuildType Name="Debug" />
    <BuildType Name="Development" />
    <BuildType Name="Release" />
    <Platform Name="Any CPU" />
    <Platform Name="x86" />
  </Configurations>
  <Project Path="DBAccess/DBAccess.csproj" Id="06c46e69-2643-401f-9d84-8d31baf6a4ee">
    <BuildType Solution="Development|*" Project="Release" />
    <Platform Solution="*|x86" Project="x86" />
  </Project>
  <Project Path="SchoolPortal.DTOs/SchoolPortal.DTOs.csproj">
    <BuildType Solution="Development|*" Project="Release" />
  </Project>
  <Project Path="SchoolPortal.Entities/SchoolPortal.Entities.csproj">
    <BuildType Solution="Development|*" Project="Release" />
  </Project>
  <Project Path="SchoolPortal.Services/SchoolPortal.Services.csproj">
    <BuildType Solution="Development|*" Project="Release" />
  </Project>
  <Project Path="SchoolPortalApp/SchoolPortalApp.csproj">
    <BuildType Solution="Development|*" Project="Release" />
  </Project>
</Solution>
