
Microsoft Visual Studio Solution File, Format Version 12.00
# Visual Studio Version 17
VisualStudioVersion = 17.0.31903.59
MinimumVisualStudioVersion = 10.0.40219.1
Project("{FAE04EC0-301F-11D3-BF4B-00C04F79EFBC}") = "DBAccess", "DBAccess\DBAccess.csproj", "{06C46E69-2643-401F-9D84-8D31BAF6A4EE}"
EndProject
Project("{FAE04EC0-301F-11D3-BF4B-00C04F79EFBC}") = "SchoolPortal.Entities", "SchoolPortal.Entities\SchoolPortal.Entities.csproj", "{A156D915-DDF9-421E-A88F-EB50B713D36D}"
EndProject
Project("{FAE04EC0-301F-11D3-BF4B-00C04F79EFBC}") = "SchoolPortal.Services", "SchoolPortal.Services\SchoolPortal.Services.csproj", "{A317C86B-5EB1-4405-B63B-9C33B9CF8ACD}"
EndProject
Project("{FAE04EC0-301F-11D3-BF4B-00C04F79EFBC}") = "SchoolPortalApp", "SchoolPortalApp\SchoolPortalApp.csproj", "{A244DCC9-C337-4E5A-A14E-38EF7FD45BEA}"
EndProject
Project("{FAE04EC0-301F-11D3-BF4B-00C04F79EFBC}") = "SchoolPortal.DTOs", "SchoolPortal.DTOs\SchoolPortal.DTOs.csproj", "{CDD271EA-6C4F-40AD-A812-300FE13B77B6}"
EndProject
Global
	GlobalSection(SolutionConfigurationPlatforms) = preSolution
		Debug|Any CPU = Debug|Any CPU
		Debug|x64 = Debug|x64
		Debug|x86 = Debug|x86
		Release|Any CPU = Release|Any CPU
		Release|x64 = Release|x64
		Release|x86 = Release|x86
	EndGlobalSection
	GlobalSection(ProjectConfigurationPlatforms) = postSolution
		{06C46E69-2643-401F-9D84-8D31BAF6A4EE}.Debug|Any CPU.ActiveCfg = Debug|Any CPU
		{06C46E69-2643-401F-9D84-8D31BAF6A4EE}.Debug|Any CPU.Build.0 = Debug|Any CPU
		{06C46E69-2643-401F-9D84-8D31BAF6A4EE}.Debug|x64.ActiveCfg = Debug|Any CPU
		{06C46E69-2643-401F-9D84-8D31BAF6A4EE}.Debug|x64.Build.0 = Debug|Any CPU
		{06C46E69-2643-401F-9D84-8D31BAF6A4EE}.Debug|x86.ActiveCfg = Debug|Any CPU
		{06C46E69-2643-401F-9D84-8D31BAF6A4EE}.Debug|x86.Build.0 = Debug|Any CPU
		{06C46E69-2643-401F-9D84-8D31BAF6A4EE}.Release|Any CPU.ActiveCfg = Release|Any CPU
		{06C46E69-2643-401F-9D84-8D31BAF6A4EE}.Release|Any CPU.Build.0 = Release|Any CPU
		{06C46E69-2643-401F-9D84-8D31BAF6A4EE}.Release|x64.ActiveCfg = Release|Any CPU
		{06C46E69-2643-401F-9D84-8D31BAF6A4EE}.Release|x64.Build.0 = Release|Any CPU
		{06C46E69-2643-401F-9D84-8D31BAF6A4EE}.Release|x86.ActiveCfg = Release|Any CPU
		{06C46E69-2643-401F-9D84-8D31BAF6A4EE}.Release|x86.Build.0 = Release|Any CPU
		{A156D915-DDF9-421E-A88F-EB50B713D36D}.Debug|Any CPU.ActiveCfg = Debug|Any CPU
		{A156D915-DDF9-421E-A88F-EB50B713D36D}.Debug|Any CPU.Build.0 = Debug|Any CPU
		{A156D915-DDF9-421E-A88F-EB50B713D36D}.Debug|x64.ActiveCfg = Debug|Any CPU
		{A156D915-DDF9-421E-A88F-EB50B713D36D}.Debug|x64.Build.0 = Debug|Any CPU
		{A156D915-DDF9-421E-A88F-EB50B713D36D}.Debug|x86.ActiveCfg = Debug|Any CPU
		{A156D915-DDF9-421E-A88F-EB50B713D36D}.Debug|x86.Build.0 = Debug|Any CPU
		{A156D915-DDF9-421E-A88F-EB50B713D36D}.Release|Any CPU.ActiveCfg = Release|Any CPU
		{A156D915-DDF9-421E-A88F-EB50B713D36D}.Release|Any CPU.Build.0 = Release|Any CPU
		{A156D915-DDF9-421E-A88F-EB50B713D36D}.Release|x64.ActiveCfg = Release|Any CPU
		{A156D915-DDF9-421E-A88F-EB50B713D36D}.Release|x64.Build.0 = Release|Any CPU
		{A156D915-DDF9-421E-A88F-EB50B713D36D}.Release|x86.ActiveCfg = Release|Any CPU
		{A156D915-DDF9-421E-A88F-EB50B713D36D}.Release|x86.Build.0 = Release|Any CPU
		{A317C86B-5EB1-4405-B63B-9C33B9CF8ACD}.Debug|Any CPU.ActiveCfg = Debug|Any CPU
		{A317C86B-5EB1-4405-B63B-9C33B9CF8ACD}.Debug|Any CPU.Build.0 = Debug|Any CPU
		{A317C86B-5EB1-4405-B63B-9C33B9CF8ACD}.Debug|x64.ActiveCfg = Debug|Any CPU
		{A317C86B-5EB1-4405-B63B-9C33B9CF8ACD}.Debug|x64.Build.0 = Debug|Any CPU
		{A317C86B-5EB1-4405-B63B-9C33B9CF8ACD}.Debug|x86.ActiveCfg = Debug|Any CPU
		{A317C86B-5EB1-4405-B63B-9C33B9CF8ACD}.Debug|x86.Build.0 = Debug|Any CPU
		{A317C86B-5EB1-4405-B63B-9C33B9CF8ACD}.Release|Any CPU.ActiveCfg = Release|Any CPU
		{A317C86B-5EB1-4405-B63B-9C33B9CF8ACD}.Release|Any CPU.Build.0 = Release|Any CPU
		{A317C86B-5EB1-4405-B63B-9C33B9CF8ACD}.Release|x64.ActiveCfg = Release|Any CPU
		{A317C86B-5EB1-4405-B63B-9C33B9CF8ACD}.Release|x64.Build.0 = Release|Any CPU
		{A317C86B-5EB1-4405-B63B-9C33B9CF8ACD}.Release|x86.ActiveCfg = Release|Any CPU
		{A317C86B-5EB1-4405-B63B-9C33B9CF8ACD}.Release|x86.Build.0 = Release|Any CPU
		{A244DCC9-C337-4E5A-A14E-38EF7FD45BEA}.Debug|Any CPU.ActiveCfg = Debug|Any CPU
		{A244DCC9-C337-4E5A-A14E-38EF7FD45BEA}.Debug|Any CPU.Build.0 = Debug|Any CPU
		{A244DCC9-C337-4E5A-A14E-38EF7FD45BEA}.Debug|x64.ActiveCfg = Debug|Any CPU
		{A244DCC9-C337-4E5A-A14E-38EF7FD45BEA}.Debug|x64.Build.0 = Debug|Any CPU
		{A244DCC9-C337-4E5A-A14E-38EF7FD45BEA}.Debug|x86.ActiveCfg = Debug|Any CPU
		{A244DCC9-C337-4E5A-A14E-38EF7FD45BEA}.Debug|x86.Build.0 = Debug|Any CPU
		{A244DCC9-C337-4E5A-A14E-38EF7FD45BEA}.Release|Any CPU.ActiveCfg = Release|Any CPU
		{A244DCC9-C337-4E5A-A14E-38EF7FD45BEA}.Release|Any CPU.Build.0 = Release|Any CPU
		{A244DCC9-C337-4E5A-A14E-38EF7FD45BEA}.Release|x64.ActiveCfg = Release|Any CPU
		{A244DCC9-C337-4E5A-A14E-38EF7FD45BEA}.Release|x64.Build.0 = Release|Any CPU
		{A244DCC9-C337-4E5A-A14E-38EF7FD45BEA}.Release|x86.ActiveCfg = Release|Any CPU
		{A244DCC9-C337-4E5A-A14E-38EF7FD45BEA}.Release|x86.Build.0 = Release|Any CPU
		{CDD271EA-6C4F-40AD-A812-300FE13B77B6}.Debug|Any CPU.ActiveCfg = Debug|Any CPU
		{CDD271EA-6C4F-40AD-A812-300FE13B77B6}.Debug|Any CPU.Build.0 = Debug|Any CPU
		{CDD271EA-6C4F-40AD-A812-300FE13B77B6}.Debug|x64.ActiveCfg = Debug|Any CPU
		{CDD271EA-6C4F-40AD-A812-300FE13B77B6}.Debug|x64.Build.0 = Debug|Any CPU
		{CDD271EA-6C4F-40AD-A812-300FE13B77B6}.Debug|x86.ActiveCfg = Debug|Any CPU
		{CDD271EA-6C4F-40AD-A812-300FE13B77B6}.Debug|x86.Build.0 = Debug|Any CPU
		{CDD271EA-6C4F-40AD-A812-300FE13B77B6}.Release|Any CPU.ActiveCfg = Release|Any CPU
		{CDD271EA-6C4F-40AD-A812-300FE13B77B6}.Release|Any CPU.Build.0 = Release|Any CPU
		{CDD271EA-6C4F-40AD-A812-300FE13B77B6}.Release|x64.ActiveCfg = Release|Any CPU
		{CDD271EA-6C4F-40AD-A812-300FE13B77B6}.Release|x64.Build.0 = Release|Any CPU
		{CDD271EA-6C4F-40AD-A812-300FE13B77B6}.Release|x86.ActiveCfg = Release|Any CPU
		{CDD271EA-6C4F-40AD-A812-300FE13B77B6}.Release|x86.Build.0 = Release|Any CPU
	EndGlobalSection
	GlobalSection(SolutionProperties) = preSolution
		HideSolutionNode = FALSE
	EndGlobalSection
EndGlobal
